// !$*UTF8*$!
{
	archiveVersion = 1;
	classes = {
	};
	objectVersion = 54;
	objects = {

/* Begin PBXBuildFile section */
		00E356F31AD99517003FC87E /* DemoAppTests.m in Sources */ = {isa = PBXBuildFile; fileRef = 00E356F21AD99517003FC87E /* DemoAppTests.m */; };
		0C80B921A6F3F58F76C31292 /* libPods-DemoApp.a in Frameworks */ = {isa = PBXBuildFile; fileRef = 5DCACB8F33CDC322A6C60F78 /* libPods-DemoApp.a */; };
		13B07FBC1A68108700A75B9A /* AppDelegate.mm in Sources */ = {isa = PBXBuildFile; fileRef = 13B07FB01A68108700A75B9A /* AppDelegate.mm */; };
		13B07FBF1A68108700A75B9A /* Images.xcassets in Resources */ = {isa = PBXBuildFile; fileRef = 13B07FB51A68108700A75B9A /* Images.xcassets */; };
		13B07FC11A68108700A75B9A /* main.m in Sources */ = {isa = PBXBuildFile; fileRef = 13B07FB71A68108700A75B9A /* main.m */; };
		7699B88040F8A987B510C191 /* libPods-DemoApp-DemoAppTests.a in Frameworks */ = {isa = PBXBuildFile; fileRef = 19F6CBCC0A4E27FBF8BF4A61 /* libPods-DemoApp-DemoAppTests.a */; };
		81AB9BB82411601600AC10FF /* LaunchScreen.storyboard in Resources */ = {isa = PBXBuildFile; fileRef = 81AB9BB72411601600AC10FF /* LaunchScreen.storyboard */; };
		4BAB73FAF5CE45C99A9C53F4 /* app_icons.ttf in Resources */ = {isa = PBXBuildFile; fileRef = B21BE41627664FEDB006BDF5 /* app_icons.ttf */; };
		2EE1EBB9F1D349FDA086771B /* Poppins-Black.ttf in Resources */ = {isa = PBXBuildFile; fileRef = 24A03B62861C448DA3BF5F2F /* Poppins-Black.ttf */; };
		D24F52D2DB5545C7A2F9CBE1 /* Poppins-Bold.ttf in Resources */ = {isa = PBXBuildFile; fileRef = 10BC240A6A114D48A781D3D4 /* Poppins-Bold.ttf */; };
		56F66D220F7141329267FB50 /* Poppins-ExtraBold.ttf in Resources */ = {isa = PBXBuildFile; fileRef = C212016FBA4245D3A54F4A82 /* Poppins-ExtraBold.ttf */; };
		19F4CFFB56C842BA8F47403E /* Poppins-ExtraLight.ttf in Resources */ = {isa = PBXBuildFile; fileRef = 5FA6832F556F44F2B10760D2 /* Poppins-ExtraLight.ttf */; };
		0DCAB530516846DABBAA6E71 /* Poppins-Light.ttf in Resources */ = {isa = PBXBuildFile; fileRef = 4A5C53A33CC845249CA44C5A /* Poppins-Light.ttf */; };
		BCC3A6CB308A447A9F105737 /* Poppins-Medium.ttf in Resources */ = {isa = PBXBuildFile; fileRef = 9B6EEAF2B2CD443F862BDBD0 /* Poppins-Medium.ttf */; };
		C7A7475819214E1EAE908315 /* Poppins-Regular.ttf in Resources */ = {isa = PBXBuildFile; fileRef = A0401D49320549F2A941F16A /* Poppins-Regular.ttf */; };
		5BB6C8BDB0F6404094C68025 /* Poppins-SemiBold.ttf in Resources */ = {isa = PBXBuildFile; fileRef = CCB45AD917F44B3FB05841D0 /* Poppins-SemiBold.ttf */; };
		8DBA03FBCE8B4D20A0E8E414 /* Poppins-Thin.ttf in Resources */ = {isa = PBXBuildFile; fileRef = D2F623D06DEA41568B30699F /* Poppins-Thin.ttf */; };
		24EF180564764E02802CCFB8 /* amazonpay.png in Resources */ = {isa = PBXBuildFile; fileRef = 814C77C3467B423EA9D1ACA8 /* amazonpay.png */; };
		6B12259E86524474812228BB /* applepay.png in Resources */ = {isa = PBXBuildFile; fileRef = C0D34C7817A048EDAD8F0D5A /* applepay.png */; };
		8B46A7E58C47463DA17D814E /* avatar.png in Resources */ = {isa = PBXBuildFile; fileRef = 04455899F3A24DC29520478F /* avatar.png */; };
		95A0AF2A2EBE446FB25023CC /* gpay.png in Resources */ = {isa = PBXBuildFile; fileRef = A966715EC31349FABC9BC628 /* gpay.png */; };
		CC5CC89823324945B1681C58 /* americano_pic_1_portrait.png in Resources */ = {isa = PBXBuildFile; fileRef = E03FA32BF60E4155B254A11C /* americano_pic_1_portrait.png */; };
		C6B553999B1B464DB21E7D0C /* americano_pic_2_portrait.png in Resources */ = {isa = PBXBuildFile; fileRef = 4BBB5EAEE11A4F8AAC7AD10F /* americano_pic_2_portrait.png */; };
		B14CAB5979F04301BB5BB577 /* americano_pic_3_portrait.png in Resources */ = {isa = PBXBuildFile; fileRef = D8CFDFD5EAD3410F99C0F035 /* americano_pic_3_portrait.png */; };
		19EA35BFA8F44888B6C53A71 /* americano_pic_1_square.png in Resources */ = {isa = PBXBuildFile; fileRef = 0917D728E7A649329EE63FE0 /* americano_pic_1_square.png */; };
		62086AA31E3541A7BF9ADCC7 /* americano_pic_2_square.png in Resources */ = {isa = PBXBuildFile; fileRef = EC2448EE9632424AAB096AA2 /* americano_pic_2_square.png */; };
		31A0C1C0C8F24FF49C8DC574 /* americano_pic_3_square.png in Resources */ = {isa = PBXBuildFile; fileRef = 2760BCE4316249FE881AA558 /* americano_pic_3_square.png */; };
		E8C0B3BC7BE649F78F2CA927 /* arabica_coffee_beans_portrait.png in Resources */ = {isa = PBXBuildFile; fileRef = D5B8430E2E0247BF80FAE23A /* arabica_coffee_beans_portrait.png */; };
		C811DB200DD449E59A8F996E /* arabica_coffee_beans_square.png in Resources */ = {isa = PBXBuildFile; fileRef = 85A10BDD64DB4E329E7AC342 /* arabica_coffee_beans_square.png */; };
		F45D2ACDEC364AAA8433B0E1 /* black_coffee_pic_1_portrait.png in Resources */ = {isa = PBXBuildFile; fileRef = E6D6861C2BC44F6E8E5A6640 /* black_coffee_pic_1_portrait.png */; };
		F2017C5568BA4F6187214FED /* black_coffee_pic_2_portrait.png in Resources */ = {isa = PBXBuildFile; fileRef = 25577E37186343A680C11EB7 /* black_coffee_pic_2_portrait.png */; };
		0A1AF278E74C421EA8294B63 /* black_coffee_pic_3_portrait.png in Resources */ = {isa = PBXBuildFile; fileRef = EDC130C441344D1F863E5B12 /* black_coffee_pic_3_portrait.png */; };
		4A7929EA94FF46549BC7372B /* black_coffee_pic_1_square.png in Resources */ = {isa = PBXBuildFile; fileRef = 8BC4B9FE93124446825A1263 /* black_coffee_pic_1_square.png */; };
		E0163878EB2744D2ACC933DF /* black_coffee_pic_2_square.png in Resources */ = {isa = PBXBuildFile; fileRef = 3A2F8B2B27C64E18893608BE /* black_coffee_pic_2_square.png */; };
		EFB982D21D554934BF70C46F /* black_coffee_pic_3_square.png in Resources */ = {isa = PBXBuildFile; fileRef = A0C184E91E61423E9C970BF6 /* black_coffee_pic_3_square.png */; };
		4F785C665CB54F5991A3E4E1 /* cappuccino_pic_1_portrait.png in Resources */ = {isa = PBXBuildFile; fileRef = 9E76B3762B75437892D60D5B /* cappuccino_pic_1_portrait.png */; };
		E0820C3A2184408F8D3FCB8B /* cappuccino_pic_2_portrait.png in Resources */ = {isa = PBXBuildFile; fileRef = 67C265EF5BE34655B285481D /* cappuccino_pic_2_portrait.png */; };
		47B0BC20480E4340BEDAD5EB /* cappuccino_pic_3_portrait.png in Resources */ = {isa = PBXBuildFile; fileRef = CB2A57381EF14729A6BF0AF9 /* cappuccino_pic_3_portrait.png */; };
		30A04E885B544F3AA95ADC16 /* cappuccino_pic_1_square.png in Resources */ = {isa = PBXBuildFile; fileRef = AA16CE4EE26B4CBAAD641E06 /* cappuccino_pic_1_square.png */; };
		5076D5EDD2834D00AEDC9A99 /* cappuccino_pic_2_square.png in Resources */ = {isa = PBXBuildFile; fileRef = 18FC7B0238624546B2A8EE92 /* cappuccino_pic_2_square.png */; };
		9B0D1DA2D440436F9CEB9F17 /* cappuccino_pic_3_square.png in Resources */ = {isa = PBXBuildFile; fileRef = 72B605B793924D2E9FB3B35E /* cappuccino_pic_3_square.png */; };
		BCC875C22DEA4AAE9FCB11AC /* espresso_pic_1_portrait.png in Resources */ = {isa = PBXBuildFile; fileRef = 6963B2CAEB8047EF858757B6 /* espresso_pic_1_portrait.png */; };
		D80194C34AE345B582492EC5 /* espresso_pic_2_portrait.png in Resources */ = {isa = PBXBuildFile; fileRef = B353DA4686A5445ABEE4794A /* espresso_pic_2_portrait.png */; };
		B23AD50AC2284E25A1122E7C /* espresso_pic_3_portrait.png in Resources */ = {isa = PBXBuildFile; fileRef = 3564C6FB3D9F4AF1A452C45E /* espresso_pic_3_portrait.png */; };
		402C438D2D8846498BC3D0E0 /* espresso_pic_1_square.png in Resources */ = {isa = PBXBuildFile; fileRef = 388BC5F037384D6C808DB6A8 /* espresso_pic_1_square.png */; };
		5A50666D44E24DADB5A29031 /* espresso_pic_2_square.png in Resources */ = {isa = PBXBuildFile; fileRef = ED6B06F30EE5441CB52241B0 /* espresso_pic_2_square.png */; };
		80C5FC53662C4F0AA2C62A34 /* espresso_pic_3_square.png in Resources */ = {isa = PBXBuildFile; fileRef = 1794855BB26C4D15A5E93032 /* espresso_pic_3_square.png */; };
		4DDF78AFB1AC4FC9B9A369D1 /* excelsa_coffee_beans_portrait.png in Resources */ = {isa = PBXBuildFile; fileRef = 0D9E4A64D8C0421BB207131C /* excelsa_coffee_beans_portrait.png */; };
		424792B9991B4E7D8941CB75 /* excelsa_coffee_beans_square.png in Resources */ = {isa = PBXBuildFile; fileRef = 5F26256163494BEE943B558F /* excelsa_coffee_beans_square.png */; };
		78B20A87F81741648A202BA1 /* latte_pic_1_portrait.png in Resources */ = {isa = PBXBuildFile; fileRef = 45F06F962E004C96BA72BD3E /* latte_pic_1_portrait.png */; };
		5D852B4FD0C64445B3364431 /* latte_pic_2_portrait.png in Resources */ = {isa = PBXBuildFile; fileRef = E60ABA1A03374DABB3922D33 /* latte_pic_2_portrait.png */; };
		D2292A3D9E43459EBE379BD5 /* latte_pic_3_portrait.png in Resources */ = {isa = PBXBuildFile; fileRef = 3621CEEB55CA4D2B82D0A27E /* latte_pic_3_portrait.png */; };
		701671EF55124C5B86A0E74D /* latte_pic_1_square.png in Resources */ = {isa = PBXBuildFile; fileRef = 08E45B877E3C4C3F996D3FF9 /* latte_pic_1_square.png */; };
		2FC2C3C0519C451A987ABB53 /* latte_pic_2_square.png in Resources */ = {isa = PBXBuildFile; fileRef = 3732FE3120844A31834AE7BC /* latte_pic_2_square.png */; };
		2DDC7EF0DAD7487FB3B62A59 /* latte_pic_3_square.png in Resources */ = {isa = PBXBuildFile; fileRef = 72D777B226884DC3B9220DBB /* latte_pic_3_square.png */; };
		809F5C48C35D47D39D947BF6 /* liberica_coffee_beans_portrait.png in Resources */ = {isa = PBXBuildFile; fileRef = 288A0718C2F74EBEB74949CA /* liberica_coffee_beans_portrait.png */; };
		8128CF5C59D94CAAB7C9F4BA /* liberica_coffee_beans_square.png in Resources */ = {isa = PBXBuildFile; fileRef = BF7352B2226A4685BA79782D /* liberica_coffee_beans_square.png */; };
		8EF7A48019EA4D7FBBE990AD /* macchiato_pic_1_portrait.png in Resources */ = {isa = PBXBuildFile; fileRef = 7E346D21F1E940B4A38A8262 /* macchiato_pic_1_portrait.png */; };
		4CE0DB24B9E84134AB7306DC /* macchiato_pic_2_portrait.png in Resources */ = {isa = PBXBuildFile; fileRef = A8BF150867204AB3B7CF1E87 /* macchiato_pic_2_portrait.png */; };
		B9BAEC085A334777B158283B /* macchiato_pic_3_portrait.png in Resources */ = {isa = PBXBuildFile; fileRef = 2EDBCE482AD249C9A9A08459 /* macchiato_pic_3_portrait.png */; };
		11E28C9BAC994E0EA32A8971 /* macchiato_pic_1_square.png in Resources */ = {isa = PBXBuildFile; fileRef = D3D133FA1E1A411D952C8C27 /* macchiato_pic_1_square.png */; };
		FA3C035B509344A8915A7E8A /* macchiato_pic_2_square.png in Resources */ = {isa = PBXBuildFile; fileRef = 770F4A05A6D44CB2A015043E /* macchiato_pic_2_square.png */; };
		8947FF6383F44C10835A403D /* macchiato_pic_3_square.png in Resources */ = {isa = PBXBuildFile; fileRef = F5F58A33FE4F45869A856150 /* macchiato_pic_3_square.png */; };
		2BF91062A02D4C4F9E016852 /* robusta_coffee_beans_portrait.png in Resources */ = {isa = PBXBuildFile; fileRef = 7B4568F3473042EBABB98A9B /* robusta_coffee_beans_portrait.png */; };
		D9631A486DDD47058DD39605 /* robusta_coffee_beans_square.png in Resources */ = {isa = PBXBuildFile; fileRef = 6C4FB85B206A47C6B918E2C0 /* robusta_coffee_beans_square.png */; };
/* End PBXBuildFile section */

/* Begin PBXContainerItemProxy section */
		00E356F41AD99517003FC87E /* PBXContainerItemProxy */ = {
			isa = PBXContainerItemProxy;
			containerPortal = 83CBB9F71A601CBA00E9B192 /* Project object */;
			proxyType = 1;
			remoteGlobalIDString = 13B07F861A680F5B00A75B9A;
			remoteInfo = DemoApp;
		};
/* End PBXContainerItemProxy section */

/* Begin PBXFileReference section */
		00E356EE1AD99517003FC87E /* DemoAppTests.xctest */ = {isa = PBXFileReference; explicitFileType = wrapper.cfbundle; includeInIndex = 0; path = DemoAppTests.xctest; sourceTree = BUILT_PRODUCTS_DIR; };
		00E356F11AD99517003FC87E /* Info.plist */ = {isa = PBXFileReference; lastKnownFileType = text.plist.xml; path = Info.plist; sourceTree = "<group>"; };
		00E356F21AD99517003FC87E /* DemoAppTests.m */ = {isa = PBXFileReference; lastKnownFileType = sourcecode.c.objc; path = DemoAppTests.m; sourceTree = "<group>"; };
		13B07F961A680F5B00A75B9A /* DemoApp.app */ = {isa = PBXFileReference; explicitFileType = wrapper.application; includeInIndex = 0; path = DemoApp.app; sourceTree = BUILT_PRODUCTS_DIR; };
		13B07FAF1A68108700A75B9A /* AppDelegate.h */ = {isa = PBXFileReference; fileEncoding = 4; lastKnownFileType = sourcecode.c.h; name = AppDelegate.h; path = DemoApp/AppDelegate.h; sourceTree = "<group>"; };
		13B07FB01A68108700A75B9A /* AppDelegate.mm */ = {isa = PBXFileReference; fileEncoding = 4; lastKnownFileType = sourcecode.cpp.objcpp; name = AppDelegate.mm; path = DemoApp/AppDelegate.mm; sourceTree = "<group>"; };
		13B07FB51A68108700A75B9A /* Images.xcassets */ = {isa = PBXFileReference; lastKnownFileType = folder.assetcatalog; name = Images.xcassets; path = DemoApp/Images.xcassets; sourceTree = "<group>"; };
		13B07FB61A68108700A75B9A /* Info.plist */ = {isa = PBXFileReference; fileEncoding = 4; lastKnownFileType = text.plist.xml; name = Info.plist; path = DemoApp/Info.plist; sourceTree = "<group>"; };
		13B07FB71A68108700A75B9A /* main.m */ = {isa = PBXFileReference; fileEncoding = 4; lastKnownFileType = sourcecode.c.objc; name = main.m; path = DemoApp/main.m; sourceTree = "<group>"; };
		19F6CBCC0A4E27FBF8BF4A61 /* libPods-DemoApp-DemoAppTests.a */ = {isa = PBXFileReference; explicitFileType = archive.ar; includeInIndex = 0; path = "libPods-DemoApp-DemoAppTests.a"; sourceTree = BUILT_PRODUCTS_DIR; };
		3B4392A12AC88292D35C810B /* Pods-DemoApp.debug.xcconfig */ = {isa = PBXFileReference; includeInIndex = 1; lastKnownFileType = text.xcconfig; name = "Pods-DemoApp.debug.xcconfig"; path = "Target Support Files/Pods-DemoApp/Pods-DemoApp.debug.xcconfig"; sourceTree = "<group>"; };
		5709B34CF0A7D63546082F79 /* Pods-DemoApp.release.xcconfig */ = {isa = PBXFileReference; includeInIndex = 1; lastKnownFileType = text.xcconfig; name = "Pods-DemoApp.release.xcconfig"; path = "Target Support Files/Pods-DemoApp/Pods-DemoApp.release.xcconfig"; sourceTree = "<group>"; };
		5B7EB9410499542E8C5724F5 /* Pods-DemoApp-DemoAppTests.debug.xcconfig */ = {isa = PBXFileReference; includeInIndex = 1; lastKnownFileType = text.xcconfig; name = "Pods-DemoApp-DemoAppTests.debug.xcconfig"; path = "Target Support Files/Pods-DemoApp-DemoAppTests/Pods-DemoApp-DemoAppTests.debug.xcconfig"; sourceTree = "<group>"; };
		5DCACB8F33CDC322A6C60F78 /* libPods-DemoApp.a */ = {isa = PBXFileReference; explicitFileType = archive.ar; includeInIndex = 0; path = "libPods-DemoApp.a"; sourceTree = BUILT_PRODUCTS_DIR; };
		81AB9BB72411601600AC10FF /* LaunchScreen.storyboard */ = {isa = PBXFileReference; fileEncoding = 4; lastKnownFileType = file.storyboard; name = LaunchScreen.storyboard; path = DemoApp/LaunchScreen.storyboard; sourceTree = "<group>"; };
		89C6BE57DB24E9ADA2F236DE /* Pods-DemoApp-DemoAppTests.release.xcconfig */ = {isa = PBXFileReference; includeInIndex = 1; lastKnownFileType = text.xcconfig; name = "Pods-DemoApp-DemoAppTests.release.xcconfig"; path = "Target Support Files/Pods-DemoApp-DemoAppTests/Pods-DemoApp-DemoAppTests.release.xcconfig"; sourceTree = "<group>"; };
		ED297162215061F000B7C4FE /* JavaScriptCore.framework */ = {isa = PBXFileReference; lastKnownFileType = wrapper.framework; name = JavaScriptCore.framework; path = System/Library/Frameworks/JavaScriptCore.framework; sourceTree = SDKROOT; };
		B21BE41627664FEDB006BDF5 /* app_icons.ttf */ = {isa = PBXFileReference; name = "app_icons.ttf"; path = "../src/assets/fonts/app_icons.ttf"; sourceTree = "<group>"; fileEncoding = undefined; lastKnownFileType = unknown; explicitFileType = undefined; includeInIndex = 0; };
		24A03B62861C448DA3BF5F2F /* Poppins-Black.ttf */ = {isa = PBXFileReference; name = "Poppins-Black.ttf"; path = "../src/assets/fonts/Poppins-Black.ttf"; sourceTree = "<group>"; fileEncoding = undefined; lastKnownFileType = unknown; explicitFileType = undefined; includeInIndex = 0; };
		10BC240A6A114D48A781D3D4 /* Poppins-Bold.ttf */ = {isa = PBXFileReference; name = "Poppins-Bold.ttf"; path = "../src/assets/fonts/Poppins-Bold.ttf"; sourceTree = "<group>"; fileEncoding = undefined; lastKnownFileType = unknown; explicitFileType = undefined; includeInIndex = 0; };
		C212016FBA4245D3A54F4A82 /* Poppins-ExtraBold.ttf */ = {isa = PBXFileReference; name = "Poppins-ExtraBold.ttf"; path = "../src/assets/fonts/Poppins-ExtraBold.ttf"; sourceTree = "<group>"; fileEncoding = undefined; lastKnownFileType = unknown; explicitFileType = undefined; includeInIndex = 0; };
		5FA6832F556F44F2B10760D2 /* Poppins-ExtraLight.ttf */ = {isa = PBXFileReference; name = "Poppins-ExtraLight.ttf"; path = "../src/assets/fonts/Poppins-ExtraLight.ttf"; sourceTree = "<group>"; fileEncoding = undefined; lastKnownFileType = unknown; explicitFileType = undefined; includeInIndex = 0; };
		4A5C53A33CC845249CA44C5A /* Poppins-Light.ttf */ = {isa = PBXFileReference; name = "Poppins-Light.ttf"; path = "../src/assets/fonts/Poppins-Light.ttf"; sourceTree = "<group>"; fileEncoding = undefined; lastKnownFileType = unknown; explicitFileType = undefined; includeInIndex = 0; };
		9B6EEAF2B2CD443F862BDBD0 /* Poppins-Medium.ttf */ = {isa = PBXFileReference; name = "Poppins-Medium.ttf"; path = "../src/assets/fonts/Poppins-Medium.ttf"; sourceTree = "<group>"; fileEncoding = undefined; lastKnownFileType = unknown; explicitFileType = undefined; includeInIndex = 0; };
		A0401D49320549F2A941F16A /* Poppins-Regular.ttf */ = {isa = PBXFileReference; name = "Poppins-Regular.ttf"; path = "../src/assets/fonts/Poppins-Regular.ttf"; sourceTree = "<group>"; fileEncoding = undefined; lastKnownFileType = unknown; explicitFileType = undefined; includeInIndex = 0; };
		CCB45AD917F44B3FB05841D0 /* Poppins-SemiBold.ttf */ = {isa = PBXFileReference; name = "Poppins-SemiBold.ttf"; path = "../src/assets/fonts/Poppins-SemiBold.ttf"; sourceTree = "<group>"; fileEncoding = undefined; lastKnownFileType = unknown; explicitFileType = undefined; includeInIndex = 0; };
		D2F623D06DEA41568B30699F /* Poppins-Thin.ttf */ = {isa = PBXFileReference; name = "Poppins-Thin.ttf"; path = "../src/assets/fonts/Poppins-Thin.ttf"; sourceTree = "<group>"; fileEncoding = undefined; lastKnownFileType = unknown; explicitFileType = undefined; includeInIndex = 0; };
		814C77C3467B423EA9D1ACA8 /* amazonpay.png */ = {isa = PBXFileReference; name = "amazonpay.png"; path = "../src/assets/app_images/amazonpay.png"; sourceTree = "<group>"; fileEncoding = undefined; lastKnownFileType = unknown; explicitFileType = undefined; includeInIndex = 0; };
		C0D34C7817A048EDAD8F0D5A /* applepay.png */ = {isa = PBXFileReference; name = "applepay.png"; path = "../src/assets/app_images/applepay.png"; sourceTree = "<group>"; fileEncoding = undefined; lastKnownFileType = unknown; explicitFileType = undefined; includeInIndex = 0; };
		04455899F3A24DC29520478F /* avatar.png */ = {isa = PBXFileReference; name = "avatar.png"; path = "../src/assets/app_images/avatar.png"; sourceTree = "<group>"; fileEncoding = undefined; lastKnownFileType = unknown; explicitFileType = undefined; includeInIndex = 0; };
		A966715EC31349FABC9BC628 /* gpay.png */ = {isa = PBXFileReference; name = "gpay.png"; path = "../src/assets/app_images/gpay.png"; sourceTree = "<group>"; fileEncoding = undefined; lastKnownFileType = unknown; explicitFileType = undefined; includeInIndex = 0; };
		E03FA32BF60E4155B254A11C /* americano_pic_1_portrait.png */ = {isa = PBXFileReference; name = "americano_pic_1_portrait.png"; path = "../src/assets/coffee_assets/americano/portrait/americano_pic_1_portrait.png"; sourceTree = "<group>"; fileEncoding = undefined; lastKnownFileType = unknown; explicitFileType = undefined; includeInIndex = 0; };
		4BBB5EAEE11A4F8AAC7AD10F /* americano_pic_2_portrait.png */ = {isa = PBXFileReference; name = "americano_pic_2_portrait.png"; path = "../src/assets/coffee_assets/americano/portrait/americano_pic_2_portrait.png"; sourceTree = "<group>"; fileEncoding = undefined; lastKnownFileType = unknown; explicitFileType = undefined; includeInIndex = 0; };
		D8CFDFD5EAD3410F99C0F035 /* americano_pic_3_portrait.png */ = {isa = PBXFileReference; name = "americano_pic_3_portrait.png"; path = "../src/assets/coffee_assets/americano/portrait/americano_pic_3_portrait.png"; sourceTree = "<group>"; fileEncoding = undefined; lastKnownFileType = unknown; explicitFileType = undefined; includeInIndex = 0; };
		0917D728E7A649329EE63FE0 /* americano_pic_1_square.png */ = {isa = PBXFileReference; name = "americano_pic_1_square.png"; path = "../src/assets/coffee_assets/americano/square/americano_pic_1_square.png"; sourceTree = "<group>"; fileEncoding = undefined; lastKnownFileType = unknown; explicitFileType = undefined; includeInIndex = 0; };
		EC2448EE9632424AAB096AA2 /* americano_pic_2_square.png */ = {isa = PBXFileReference; name = "americano_pic_2_square.png"; path = "../src/assets/coffee_assets/americano/square/americano_pic_2_square.png"; sourceTree = "<group>"; fileEncoding = undefined; lastKnownFileType = unknown; explicitFileType = undefined; includeInIndex = 0; };
		2760BCE4316249FE881AA558 /* americano_pic_3_square.png */ = {isa = PBXFileReference; name = "americano_pic_3_square.png"; path = "../src/assets/coffee_assets/americano/square/americano_pic_3_square.png"; sourceTree = "<group>"; fileEncoding = undefined; lastKnownFileType = unknown; explicitFileType = undefined; includeInIndex = 0; };
		D5B8430E2E0247BF80FAE23A /* arabica_coffee_beans_portrait.png */ = {isa = PBXFileReference; name = "arabica_coffee_beans_portrait.png"; path = "../src/assets/coffee_assets/arabica_coffee_beans/arabica_coffee_beans_portrait.png"; sourceTree = "<group>"; fileEncoding = undefined; lastKnownFileType = unknown; explicitFileType = undefined; includeInIndex = 0; };
		85A10BDD64DB4E329E7AC342 /* arabica_coffee_beans_square.png */ = {isa = PBXFileReference; name = "arabica_coffee_beans_square.png"; path = "../src/assets/coffee_assets/arabica_coffee_beans/arabica_coffee_beans_square.png"; sourceTree = "<group>"; fileEncoding = undefined; lastKnownFileType = unknown; explicitFileType = undefined; includeInIndex = 0; };
		E6D6861C2BC44F6E8E5A6640 /* black_coffee_pic_1_portrait.png */ = {isa = PBXFileReference; name = "black_coffee_pic_1_portrait.png"; path = "../src/assets/coffee_assets/black_coffee/portrait/black_coffee_pic_1_portrait.png"; sourceTree = "<group>"; fileEncoding = undefined; lastKnownFileType = unknown; explicitFileType = undefined; includeInIndex = 0; };
		25577E37186343A680C11EB7 /* black_coffee_pic_2_portrait.png */ = {isa = PBXFileReference; name = "black_coffee_pic_2_portrait.png"; path = "../src/assets/coffee_assets/black_coffee/portrait/black_coffee_pic_2_portrait.png"; sourceTree = "<group>"; fileEncoding = undefined; lastKnownFileType = unknown; explicitFileType = undefined; includeInIndex = 0; };
		EDC130C441344D1F863E5B12 /* black_coffee_pic_3_portrait.png */ = {isa = PBXFileReference; name = "black_coffee_pic_3_portrait.png"; path = "../src/assets/coffee_assets/black_coffee/portrait/black_coffee_pic_3_portrait.png"; sourceTree = "<group>"; fileEncoding = undefined; lastKnownFileType = unknown; explicitFileType = undefined; includeInIndex = 0; };
		8BC4B9FE93124446825A1263 /* black_coffee_pic_1_square.png */ = {isa = PBXFileReference; name = "black_coffee_pic_1_square.png"; path = "../src/assets/coffee_assets/black_coffee/square/black_coffee_pic_1_square.png"; sourceTree = "<group>"; fileEncoding = undefined; lastKnownFileType = unknown; explicitFileType = undefined; includeInIndex = 0; };
		3A2F8B2B27C64E18893608BE /* black_coffee_pic_2_square.png */ = {isa = PBXFileReference; name = "black_coffee_pic_2_square.png"; path = "../src/assets/coffee_assets/black_coffee/square/black_coffee_pic_2_square.png"; sourceTree = "<group>"; fileEncoding = undefined; lastKnownFileType = unknown; explicitFileType = undefined; includeInIndex = 0; };
		A0C184E91E61423E9C970BF6 /* black_coffee_pic_3_square.png */ = {isa = PBXFileReference; name = "black_coffee_pic_3_square.png"; path = "../src/assets/coffee_assets/black_coffee/square/black_coffee_pic_3_square.png"; sourceTree = "<group>"; fileEncoding = undefined; lastKnownFileType = unknown; explicitFileType = undefined; includeInIndex = 0; };
		9E76B3762B75437892D60D5B /* cappuccino_pic_1_portrait.png */ = {isa = PBXFileReference; name = "cappuccino_pic_1_portrait.png"; path = "../src/assets/coffee_assets/cappuccino/portrait/cappuccino_pic_1_portrait.png"; sourceTree = "<group>"; fileEncoding = undefined; lastKnownFileType = unknown; explicitFileType = undefined; includeInIndex = 0; };
		67C265EF5BE34655B285481D /* cappuccino_pic_2_portrait.png */ = {isa = PBXFileReference; name = "cappuccino_pic_2_portrait.png"; path = "../src/assets/coffee_assets/cappuccino/portrait/cappuccino_pic_2_portrait.png"; sourceTree = "<group>"; fileEncoding = undefined; lastKnownFileType = unknown; explicitFileType = undefined; includeInIndex = 0; };
		CB2A57381EF14729A6BF0AF9 /* cappuccino_pic_3_portrait.png */ = {isa = PBXFileReference; name = "cappuccino_pic_3_portrait.png"; path = "../src/assets/coffee_assets/cappuccino/portrait/cappuccino_pic_3_portrait.png"; sourceTree = "<group>"; fileEncoding = undefined; lastKnownFileType = unknown; explicitFileType = undefined; includeInIndex = 0; };
		AA16CE4EE26B4CBAAD641E06 /* cappuccino_pic_1_square.png */ = {isa = PBXFileReference; name = "cappuccino_pic_1_square.png"; path = "../src/assets/coffee_assets/cappuccino/square/cappuccino_pic_1_square.png"; sourceTree = "<group>"; fileEncoding = undefined; lastKnownFileType = unknown; explicitFileType = undefined; includeInIndex = 0; };
		18FC7B0238624546B2A8EE92 /* cappuccino_pic_2_square.png */ = {isa = PBXFileReference; name = "cappuccino_pic_2_square.png"; path = "../src/assets/coffee_assets/cappuccino/square/cappuccino_pic_2_square.png"; sourceTree = "<group>"; fileEncoding = undefined; lastKnownFileType = unknown; explicitFileType = undefined; includeInIndex = 0; };
		72B605B793924D2E9FB3B35E /* cappuccino_pic_3_square.png */ = {isa = PBXFileReference; name = "cappuccino_pic_3_square.png"; path = "../src/assets/coffee_assets/cappuccino/square/cappuccino_pic_3_square.png"; sourceTree = "<group>"; fileEncoding = undefined; lastKnownFileType = unknown; explicitFileType = undefined; includeInIndex = 0; };
		6963B2CAEB8047EF858757B6 /* espresso_pic_1_portrait.png */ = {isa = PBXFileReference; name = "espresso_pic_1_portrait.png"; path = "../src/assets/coffee_assets/espresso/portrait/espresso_pic_1_portrait.png"; sourceTree = "<group>"; fileEncoding = undefined; lastKnownFileType = unknown; explicitFileType = undefined; includeInIndex = 0; };
		B353DA4686A5445ABEE4794A /* espresso_pic_2_portrait.png */ = {isa = PBXFileReference; name = "espresso_pic_2_portrait.png"; path = "../src/assets/coffee_assets/espresso/portrait/espresso_pic_2_portrait.png"; sourceTree = "<group>"; fileEncoding = undefined; lastKnownFileType = unknown; explicitFileType = undefined; includeInIndex = 0; };
		3564C6FB3D9F4AF1A452C45E /* espresso_pic_3_portrait.png */ = {isa = PBXFileReference; name = "espresso_pic_3_portrait.png"; path = "../src/assets/coffee_assets/espresso/portrait/espresso_pic_3_portrait.png"; sourceTree = "<group>"; fileEncoding = undefined; lastKnownFileType = unknown; explicitFileType = undefined; includeInIndex = 0; };
		388BC5F037384D6C808DB6A8 /* espresso_pic_1_square.png */ = {isa = PBXFileReference; name = "espresso_pic_1_square.png"; path = "../src/assets/coffee_assets/espresso/square/espresso_pic_1_square.png"; sourceTree = "<group>"; fileEncoding = undefined; lastKnownFileType = unknown; explicitFileType = undefined; includeInIndex = 0; };
		ED6B06F30EE5441CB52241B0 /* espresso_pic_2_square.png */ = {isa = PBXFileReference; name = "espresso_pic_2_square.png"; path = "../src/assets/coffee_assets/espresso/square/espresso_pic_2_square.png"; sourceTree = "<group>"; fileEncoding = undefined; lastKnownFileType = unknown; explicitFileType = undefined; includeInIndex = 0; };
		1794855BB26C4D15A5E93032 /* espresso_pic_3_square.png */ = {isa = PBXFileReference; name = "espresso_pic_3_square.png"; path = "../src/assets/coffee_assets/espresso/square/espresso_pic_3_square.png"; sourceTree = "<group>"; fileEncoding = undefined; lastKnownFileType = unknown; explicitFileType = undefined; includeInIndex = 0; };
		0D9E4A64D8C0421BB207131C /* excelsa_coffee_beans_portrait.png */ = {isa = PBXFileReference; name = "excelsa_coffee_beans_portrait.png"; path = "../src/assets/coffee_assets/excelsa_coffee_beans/excelsa_coffee_beans_portrait.png"; sourceTree = "<group>"; fileEncoding = undefined; lastKnownFileType = unknown; explicitFileType = undefined; includeInIndex = 0; };
		5F26256163494BEE943B558F /* excelsa_coffee_beans_square.png */ = {isa = PBXFileReference; name = "excelsa_coffee_beans_square.png"; path = "../src/assets/coffee_assets/excelsa_coffee_beans/excelsa_coffee_beans_square.png"; sourceTree = "<group>"; fileEncoding = undefined; lastKnownFileType = unknown; explicitFileType = undefined; includeInIndex = 0; };
		45F06F962E004C96BA72BD3E /* latte_pic_1_portrait.png */ = {isa = PBXFileReference; name = "latte_pic_1_portrait.png"; path = "../src/assets/coffee_assets/latte/portrait/latte_pic_1_portrait.png"; sourceTree = "<group>"; fileEncoding = undefined; lastKnownFileType = unknown; explicitFileType = undefined; includeInIndex = 0; };
		E60ABA1A03374DABB3922D33 /* latte_pic_2_portrait.png */ = {isa = PBXFileReference; name = "latte_pic_2_portrait.png"; path = "../src/assets/coffee_assets/latte/portrait/latte_pic_2_portrait.png"; sourceTree = "<group>"; fileEncoding = undefined; lastKnownFileType = unknown; explicitFileType = undefined; includeInIndex = 0; };
		3621CEEB55CA4D2B82D0A27E /* latte_pic_3_portrait.png */ = {isa = PBXFileReference; name = "latte_pic_3_portrait.png"; path = "../src/assets/coffee_assets/latte/portrait/latte_pic_3_portrait.png"; sourceTree = "<group>"; fileEncoding = undefined; lastKnownFileType = unknown; explicitFileType = undefined; includeInIndex = 0; };
		08E45B877E3C4C3F996D3FF9 /* latte_pic_1_square.png */ = {isa = PBXFileReference; name = "latte_pic_1_square.png"; path = "../src/assets/coffee_assets/latte/square/latte_pic_1_square.png"; sourceTree = "<group>"; fileEncoding = undefined; lastKnownFileType = unknown; explicitFileType = undefined; includeInIndex = 0; };
		3732FE3120844A31834AE7BC /* latte_pic_2_square.png */ = {isa = PBXFileReference; name = "latte_pic_2_square.png"; path = "../src/assets/coffee_assets/latte/square/latte_pic_2_square.png"; sourceTree = "<group>"; fileEncoding = undefined; lastKnownFileType = unknown; explicitFileType = undefined; includeInIndex = 0; };
		72D777B226884DC3B9220DBB /* latte_pic_3_square.png */ = {isa = PBXFileReference; name = "latte_pic_3_square.png"; path = "../src/assets/coffee_assets/latte/square/latte_pic_3_square.png"; sourceTree = "<group>"; fileEncoding = undefined; lastKnownFileType = unknown; explicitFileType = undefined; includeInIndex = 0; };
		288A0718C2F74EBEB74949CA /* liberica_coffee_beans_portrait.png */ = {isa = PBXFileReference; name = "liberica_coffee_beans_portrait.png"; path = "../src/assets/coffee_assets/liberica_coffee_beans/liberica_coffee_beans_portrait.png"; sourceTree = "<group>"; fileEncoding = undefined; lastKnownFileType = unknown; explicitFileType = undefined; includeInIndex = 0; };
		BF7352B2226A4685BA79782D /* liberica_coffee_beans_square.png */ = {isa = PBXFileReference; name = "liberica_coffee_beans_square.png"; path = "../src/assets/coffee_assets/liberica_coffee_beans/liberica_coffee_beans_square.png"; sourceTree = "<group>"; fileEncoding = undefined; lastKnownFileType = unknown; explicitFileType = undefined; includeInIndex = 0; };
		7E346D21F1E940B4A38A8262 /* macchiato_pic_1_portrait.png */ = {isa = PBXFileReference; name = "macchiato_pic_1_portrait.png"; path = "../src/assets/coffee_assets/macchiato/portrait/macchiato_pic_1_portrait.png"; sourceTree = "<group>"; fileEncoding = undefined; lastKnownFileType = unknown; explicitFileType = undefined; includeInIndex = 0; };
		A8BF150867204AB3B7CF1E87 /* macchiato_pic_2_portrait.png */ = {isa = PBXFileReference; name = "macchiato_pic_2_portrait.png"; path = "../src/assets/coffee_assets/macchiato/portrait/macchiato_pic_2_portrait.png"; sourceTree = "<group>"; fileEncoding = undefined; lastKnownFileType = unknown; explicitFileType = undefined; includeInIndex = 0; };
		2EDBCE482AD249C9A9A08459 /* macchiato_pic_3_portrait.png */ = {isa = PBXFileReference; name = "macchiato_pic_3_portrait.png"; path = "../src/assets/coffee_assets/macchiato/portrait/macchiato_pic_3_portrait.png"; sourceTree = "<group>"; fileEncoding = undefined; lastKnownFileType = unknown; explicitFileType = undefined; includeInIndex = 0; };
		D3D133FA1E1A411D952C8C27 /* macchiato_pic_1_square.png */ = {isa = PBXFileReference; name = "macchiato_pic_1_square.png"; path = "../src/assets/coffee_assets/macchiato/square/macchiato_pic_1_square.png"; sourceTree = "<group>"; fileEncoding = undefined; lastKnownFileType = unknown; explicitFileType = undefined; includeInIndex = 0; };
		770F4A05A6D44CB2A015043E /* macchiato_pic_2_square.png */ = {isa = PBXFileReference; name = "macchiato_pic_2_square.png"; path = "../src/assets/coffee_assets/macchiato/square/macchiato_pic_2_square.png"; sourceTree = "<group>"; fileEncoding = undefined; lastKnownFileType = unknown; explicitFileType = undefined; includeInIndex = 0; };
		F5F58A33FE4F45869A856150 /* macchiato_pic_3_square.png */ = {isa = PBXFileReference; name = "macchiato_pic_3_square.png"; path = "../src/assets/coffee_assets/macchiato/square/macchiato_pic_3_square.png"; sourceTree = "<group>"; fileEncoding = undefined; lastKnownFileType = unknown; explicitFileType = undefined; includeInIndex = 0; };
		7B4568F3473042EBABB98A9B /* robusta_coffee_beans_portrait.png */ = {isa = PBXFileReference; name = "robusta_coffee_beans_portrait.png"; path = "../src/assets/coffee_assets/robusta_coffee_beans/robusta_coffee_beans_portrait.png"; sourceTree = "<group>"; fileEncoding = undefined; lastKnownFileType = unknown; explicitFileType = undefined; includeInIndex = 0; };
		6C4FB85B206A47C6B918E2C0 /* robusta_coffee_beans_square.png */ = {isa = PBXFileReference; name = "robusta_coffee_beans_square.png"; path = "../src/assets/coffee_assets/robusta_coffee_beans/robusta_coffee_beans_square.png"; sourceTree = "<group>"; fileEncoding = undefined; lastKnownFileType = unknown; explicitFileType = undefined; includeInIndex = 0; };
/* End PBXFileReference section */

/* Begin PBXFrameworksBuildPhase section */
		00E356EB1AD99517003FC87E /* Frameworks */ = {
			isa = PBXFrameworksBuildPhase;
			buildActionMask = 2147483647;
			files = (
				7699B88040F8A987B510C191 /* libPods-DemoApp-DemoAppTests.a in Frameworks */,
			);
			runOnlyForDeploymentPostprocessing = 0;
		};
		13B07F8C1A680F5B00A75B9A /* Frameworks */ = {
			isa = PBXFrameworksBuildPhase;
			buildActionMask = 2147483647;
			files = (
				0C80B921A6F3F58F76C31292 /* libPods-DemoApp.a in Frameworks */,
			);
			runOnlyForDeploymentPostprocessing = 0;
		};
/* End PBXFrameworksBuildPhase section */

/* Begin PBXGroup section */
		00E356EF1AD99517003FC87E /* DemoAppTests */ = {
			isa = PBXGroup;
			children = (
				00E356F21AD99517003FC87E /* DemoAppTests.m */,
				00E356F01AD99517003FC87E /* Supporting Files */,
			);
			path = DemoAppTests;
			sourceTree = "<group>";
		};
		00E356F01AD99517003FC87E /* Supporting Files */ = {
			isa = PBXGroup;
			children = (
				00E356F11AD99517003FC87E /* Info.plist */,
			);
			name = "Supporting Files";
			sourceTree = "<group>";
		};
		13B07FAE1A68108700A75B9A /* DemoApp */ = {
			isa = PBXGroup;
			children = (
				13B07FAF1A68108700A75B9A /* AppDelegate.h */,
				13B07FB01A68108700A75B9A /* AppDelegate.mm */,
				13B07FB51A68108700A75B9A /* Images.xcassets */,
				13B07FB61A68108700A75B9A /* Info.plist */,
				81AB9BB72411601600AC10FF /* LaunchScreen.storyboard */,
				13B07FB71A68108700A75B9A /* main.m */,
			);
			name = DemoApp;
			sourceTree = "<group>";
		};
		2D16E6871FA4F8E400B85C8A /* Frameworks */ = {
			isa = PBXGroup;
			children = (
				ED297162215061F000B7C4FE /* JavaScriptCore.framework */,
				5DCACB8F33CDC322A6C60F78 /* libPods-DemoApp.a */,
				19F6CBCC0A4E27FBF8BF4A61 /* libPods-DemoApp-DemoAppTests.a */,
			);
			name = Frameworks;
			sourceTree = "<group>";
		};
		832341AE1AAA6A7D00B99B32 /* Libraries */ = {
			isa = PBXGroup;
			children = (
			);
			name = Libraries;
			sourceTree = "<group>";
		};
		83CBB9F61A601CBA00E9B192 = {
			isa = PBXGroup;
			children = (
				13B07FAE1A68108700A75B9A /* DemoApp */,
				832341AE1AAA6A7D00B99B32 /* Libraries */,
				00E356EF1AD99517003FC87E /* DemoAppTests */,
				83CBBA001A601CBA00E9B192 /* Products */,
				2D16E6871FA4F8E400B85C8A /* Frameworks */,
				BBD78D7AC51CEA395F1C20DB /* Pods */,
				20A8EBD0D5CA42218E70C88E /* Resources */,
			);
			indentWidth = 2;
			sourceTree = "<group>";
			tabWidth = 2;
			usesTabs = 0;
		};
		83CBBA001A601CBA00E9B192 /* Products */ = {
			isa = PBXGroup;
			children = (
				13B07F961A680F5B00A75B9A /* DemoApp.app */,
				00E356EE1AD99517003FC87E /* DemoAppTests.xctest */,
			);
			name = Products;
			sourceTree = "<group>";
		};
		BBD78D7AC51CEA395F1C20DB /* Pods */ = {
			isa = PBXGroup;
			children = (
				3B4392A12AC88292D35C810B /* Pods-DemoApp.debug.xcconfig */,
				5709B34CF0A7D63546082F79 /* Pods-DemoApp.release.xcconfig */,
				5B7EB9410499542E8C5724F5 /* Pods-DemoApp-DemoAppTests.debug.xcconfig */,
				89C6BE57DB24E9ADA2F236DE /* Pods-DemoApp-DemoAppTests.release.xcconfig */,
			);
			path = Pods;
			sourceTree = "<group>";
		};
		20A8EBD0D5CA42218E70C88E /* Resources */ = {
			isa = "PBXGroup";
			children = (
				B21BE41627664FEDB006BDF5 /* app_icons.ttf */,
				24A03B62861C448DA3BF5F2F /* Poppins-Black.ttf */,
				10BC240A6A114D48A781D3D4 /* Poppins-Bold.ttf */,
				C212016FBA4245D3A54F4A82 /* Poppins-ExtraBold.ttf */,
				5FA6832F556F44F2B10760D2 /* Poppins-ExtraLight.ttf */,
				4A5C53A33CC845249CA44C5A /* Poppins-Light.ttf */,
				9B6EEAF2B2CD443F862BDBD0 /* Poppins-Medium.ttf */,
				A0401D49320549F2A941F16A /* Poppins-Regular.ttf */,
				CCB45AD917F44B3FB05841D0 /* Poppins-SemiBold.ttf */,
				D2F623D06DEA41568B30699F /* Poppins-Thin.ttf */,
				814C77C3467B423EA9D1ACA8 /* amazonpay.png */,
				C0D34C7817A048EDAD8F0D5A /* applepay.png */,
				04455899F3A24DC29520478F /* avatar.png */,
				A966715EC31349FABC9BC628 /* gpay.png */,
				E03FA32BF60E4155B254A11C /* americano_pic_1_portrait.png */,
				4BBB5EAEE11A4F8AAC7AD10F /* americano_pic_2_portrait.png */,
				D8CFDFD5EAD3410F99C0F035 /* americano_pic_3_portrait.png */,
				0917D728E7A649329EE63FE0 /* americano_pic_1_square.png */,
				EC2448EE9632424AAB096AA2 /* americano_pic_2_square.png */,
				2760BCE4316249FE881AA558 /* americano_pic_3_square.png */,
				D5B8430E2E0247BF80FAE23A /* arabica_coffee_beans_portrait.png */,
				85A10BDD64DB4E329E7AC342 /* arabica_coffee_beans_square.png */,
				E6D6861C2BC44F6E8E5A6640 /* black_coffee_pic_1_portrait.png */,
				25577E37186343A680C11EB7 /* black_coffee_pic_2_portrait.png */,
				EDC130C441344D1F863E5B12 /* black_coffee_pic_3_portrait.png */,
				8BC4B9FE93124446825A1263 /* black_coffee_pic_1_square.png */,
				3A2F8B2B27C64E18893608BE /* black_coffee_pic_2_square.png */,
				A0C184E91E61423E9C970BF6 /* black_coffee_pic_3_square.png */,
				9E76B3762B75437892D60D5B /* cappuccino_pic_1_portrait.png */,
				67C265EF5BE34655B285481D /* cappuccino_pic_2_portrait.png */,
				CB2A57381EF14729A6BF0AF9 /* cappuccino_pic_3_portrait.png */,
				AA16CE4EE26B4CBAAD641E06 /* cappuccino_pic_1_square.png */,
				18FC7B0238624546B2A8EE92 /* cappuccino_pic_2_square.png */,
				72B605B793924D2E9FB3B35E /* cappuccino_pic_3_square.png */,
				6963B2CAEB8047EF858757B6 /* espresso_pic_1_portrait.png */,
				B353DA4686A5445ABEE4794A /* espresso_pic_2_portrait.png */,
				3564C6FB3D9F4AF1A452C45E /* espresso_pic_3_portrait.png */,
				388BC5F037384D6C808DB6A8 /* espresso_pic_1_square.png */,
				ED6B06F30EE5441CB52241B0 /* espresso_pic_2_square.png */,
				1794855BB26C4D15A5E93032 /* espresso_pic_3_square.png */,
				0D9E4A64D8C0421BB207131C /* excelsa_coffee_beans_portrait.png */,
				5F26256163494BEE943B558F /* excelsa_coffee_beans_square.png */,
				45F06F962E004C96BA72BD3E /* latte_pic_1_portrait.png */,
				E60ABA1A03374DABB3922D33 /* latte_pic_2_portrait.png */,
				3621CEEB55CA4D2B82D0A27E /* latte_pic_3_portrait.png */,
				08E45B877E3C4C3F996D3FF9 /* latte_pic_1_square.png */,
				3732FE3120844A31834AE7BC /* latte_pic_2_square.png */,
				72D777B226884DC3B9220DBB /* latte_pic_3_square.png */,
				288A0718C2F74EBEB74949CA /* liberica_coffee_beans_portrait.png */,
				BF7352B2226A4685BA79782D /* liberica_coffee_beans_square.png */,
				7E346D21F1E940B4A38A8262 /* macchiato_pic_1_portrait.png */,
				A8BF150867204AB3B7CF1E87 /* macchiato_pic_2_portrait.png */,
				2EDBCE482AD249C9A9A08459 /* macchiato_pic_3_portrait.png */,
				D3D133FA1E1A411D952C8C27 /* macchiato_pic_1_square.png */,
				770F4A05A6D44CB2A015043E /* macchiato_pic_2_square.png */,
				F5F58A33FE4F45869A856150 /* macchiato_pic_3_square.png */,
				7B4568F3473042EBABB98A9B /* robusta_coffee_beans_portrait.png */,
				6C4FB85B206A47C6B918E2C0 /* robusta_coffee_beans_square.png */,
			);
			name = Resources;
			sourceTree = "<group>";
			path = "";
		};
/* End PBXGroup section */

/* Begin PBXNativeTarget section */
		00E356ED1AD99517003FC87E /* DemoAppTests */ = {
			isa = PBXNativeTarget;
			buildConfigurationList = 00E357021AD99517003FC87E /* Build configuration list for PBXNativeTarget "DemoAppTests" */;
			buildPhases = (
				A55EABD7B0C7F3A422A6CC61 /* [CP] Check Pods Manifest.lock */,
				00E356EA1AD99517003FC87E /* Sources */,
				00E356EB1AD99517003FC87E /* Frameworks */,
				00E356EC1AD99517003FC87E /* Resources */,
				C59DA0FBD6956966B86A3779 /* [CP] Embed Pods Frameworks */,
				F6A41C54EA430FDDC6A6ED99 /* [CP] Copy Pods Resources */,
			);
			buildRules = (
			);
			dependencies = (
				00E356F51AD99517003FC87E /* PBXTargetDependency */,
			);
			name = DemoAppTests;
			productName = DemoAppTests;
			productReference = 00E356EE1AD99517003FC87E /* DemoAppTests.xctest */;
			productType = "com.apple.product-type.bundle.unit-test";
		};
		13B07F861A680F5B00A75B9A /* DemoApp */ = {
			isa = PBXNativeTarget;
			buildConfigurationList = 13B07F931A680F5B00A75B9A /* Build configuration list for PBXNativeTarget "DemoApp" */;
			buildPhases = (
				C38B50BA6285516D6DCD4F65 /* [CP] Check Pods Manifest.lock */,
				13B07F871A680F5B00A75B9A /* Sources */,
				13B07F8C1A680F5B00A75B9A /* Frameworks */,
				13B07F8E1A680F5B00A75B9A /* Resources */,
				00DD1BFF1BD5951E006B06BC /* Bundle React Native code and images */,
				00EEFC60759A1932668264C0 /* [CP] Embed Pods Frameworks */,
				E235C05ADACE081382539298 /* [CP] Copy Pods Resources */,
			);
			buildRules = (
			);
			dependencies = (
			);
			name = DemoApp;
			productName = DemoApp;
			productReference = 13B07F961A680F5B00A75B9A /* DemoApp.app */;
			productType = "com.apple.product-type.application";
		};
/* End PBXNativeTarget section */

/* Begin PBXProject section */
		83CBB9F71A601CBA00E9B192 /* Project object */ = {
			isa = PBXProject;
			attributes = {
				LastUpgradeCheck = 1210;
				TargetAttributes = {
					00E356ED1AD99517003FC87E = {
						CreatedOnToolsVersion = 6.2;
						TestTargetID = 13B07F861A680F5B00A75B9A;
					};
					13B07F861A680F5B00A75B9A = {
						LastSwiftMigration = 1120;
					};
				};
			};
			buildConfigurationList = 83CBB9FA1A601CBA00E9B192 /* Build configuration list for PBXProject "DemoApp" */;
			compatibilityVersion = "Xcode 12.0";
			developmentRegion = en;
			hasScannedForEncodings = 0;
			knownRegions = (
				en,
				Base,
			);
			mainGroup = 83CBB9F61A601CBA00E9B192;
			productRefGroup = 83CBBA001A601CBA00E9B192 /* Products */;
			projectDirPath = "";
			projectRoot = "";
			targets = (
				13B07F861A680F5B00A75B9A /* DemoApp */,
				00E356ED1AD99517003FC87E /* DemoAppTests */,
			);
		};
/* End PBXProject section */

/* Begin PBXResourcesBuildPhase section */
		00E356EC1AD99517003FC87E /* Resources */ = {
			isa = PBXResourcesBuildPhase;
			buildActionMask = 2147483647;
			files = (
			);
			runOnlyForDeploymentPostprocessing = 0;
		};
		13B07F8E1A680F5B00A75B9A /* Resources */ = {
			isa = PBXResourcesBuildPhase;
			buildActionMask = 2147483647;
			files = (
				81AB9BB82411601600AC10FF /* LaunchScreen.storyboard in Resources */,
				13B07FBF1A68108700A75B9A /* Images.xcassets in Resources */,
				4BAB73FAF5CE45C99A9C53F4 /* app_icons.ttf in Resources */,
				2EE1EBB9F1D349FDA086771B /* Poppins-Black.ttf in Resources */,
				D24F52D2DB5545C7A2F9CBE1 /* Poppins-Bold.ttf in Resources */,
				56F66D220F7141329267FB50 /* Poppins-ExtraBold.ttf in Resources */,
				19F4CFFB56C842BA8F47403E /* Poppins-ExtraLight.ttf in Resources */,
				0DCAB530516846DABBAA6E71 /* Poppins-Light.ttf in Resources */,
				BCC3A6CB308A447A9F105737 /* Poppins-Medium.ttf in Resources */,
				C7A7475819214E1EAE908315 /* Poppins-Regular.ttf in Resources */,
				5BB6C8BDB0F6404094C68025 /* Poppins-SemiBold.ttf in Resources */,
				8DBA03FBCE8B4D20A0E8E414 /* Poppins-Thin.ttf in Resources */,
				24EF180564764E02802CCFB8 /* amazonpay.png in Resources */,
				6B12259E86524474812228BB /* applepay.png in Resources */,
				8B46A7E58C47463DA17D814E /* avatar.png in Resources */,
				95A0AF2A2EBE446FB25023CC /* gpay.png in Resources */,
				CC5CC89823324945B1681C58 /* americano_pic_1_portrait.png in Resources */,
				C6B553999B1B464DB21E7D0C /* americano_pic_2_portrait.png in Resources */,
				B14CAB5979F04301BB5BB577 /* americano_pic_3_portrait.png in Resources */,
				19EA35BFA8F44888B6C53A71 /* americano_pic_1_square.png in Resources */,
				62086AA31E3541A7BF9ADCC7 /* americano_pic_2_square.png in Resources */,
				31A0C1C0C8F24FF49C8DC574 /* americano_pic_3_square.png in Resources */,
				E8C0B3BC7BE649F78F2CA927 /* arabica_coffee_beans_portrait.png in Resources */,
				C811DB200DD449E59A8F996E /* arabica_coffee_beans_square.png in Resources */,
				F45D2ACDEC364AAA8433B0E1 /* black_coffee_pic_1_portrait.png in Resources */,
				F2017C5568BA4F6187214FED /* black_coffee_pic_2_portrait.png in Resources */,
				0A1AF278E74C421EA8294B63 /* black_coffee_pic_3_portrait.png in Resources */,
				4A7929EA94FF46549BC7372B /* black_coffee_pic_1_square.png in Resources */,
				E0163878EB2744D2ACC933DF /* black_coffee_pic_2_square.png in Resources */,
				EFB982D21D554934BF70C46F /* black_coffee_pic_3_square.png in Resources */,
				4F785C665CB54F5991A3E4E1 /* cappuccino_pic_1_portrait.png in Resources */,
				E0820C3A2184408F8D3FCB8B /* cappuccino_pic_2_portrait.png in Resources */,
				47B0BC20480E4340BEDAD5EB /* cappuccino_pic_3_portrait.png in Resources */,
				30A04E885B544F3AA95ADC16 /* cappuccino_pic_1_square.png in Resources */,
				5076D5EDD2834D00AEDC9A99 /* cappuccino_pic_2_square.png in Resources */,
				9B0D1DA2D440436F9CEB9F17 /* cappuccino_pic_3_square.png in Resources */,
				BCC875C22DEA4AAE9FCB11AC /* espresso_pic_1_portrait.png in Resources */,
				D80194C34AE345B582492EC5 /* espresso_pic_2_portrait.png in Resources */,
				B23AD50AC2284E25A1122E7C /* espresso_pic_3_portrait.png in Resources */,
				402C438D2D8846498BC3D0E0 /* espresso_pic_1_square.png in Resources */,
				5A50666D44E24DADB5A29031 /* espresso_pic_2_square.png in Resources */,
				80C5FC53662C4F0AA2C62A34 /* espresso_pic_3_square.png in Resources */,
				4DDF78AFB1AC4FC9B9A369D1 /* excelsa_coffee_beans_portrait.png in Resources */,
				424792B9991B4E7D8941CB75 /* excelsa_coffee_beans_square.png in Resources */,
				78B20A87F81741648A202BA1 /* latte_pic_1_portrait.png in Resources */,
				5D852B4FD0C64445B3364431 /* latte_pic_2_portrait.png in Resources */,
				D2292A3D9E43459EBE379BD5 /* latte_pic_3_portrait.png in Resources */,
				701671EF55124C5B86A0E74D /* latte_pic_1_square.png in Resources */,
				2FC2C3C0519C451A987ABB53 /* latte_pic_2_square.png in Resources */,
				2DDC7EF0DAD7487FB3B62A59 /* latte_pic_3_square.png in Resources */,
				809F5C48C35D47D39D947BF6 /* liberica_coffee_beans_portrait.png in Resources */,
				8128CF5C59D94CAAB7C9F4BA /* liberica_coffee_beans_square.png in Resources */,
				8EF7A48019EA4D7FBBE990AD /* macchiato_pic_1_portrait.png in Resources */,
				4CE0DB24B9E84134AB7306DC /* macchiato_pic_2_portrait.png in Resources */,
				B9BAEC085A334777B158283B /* macchiato_pic_3_portrait.png in Resources */,
				11E28C9BAC994E0EA32A8971 /* macchiato_pic_1_square.png in Resources */,
				FA3C035B509344A8915A7E8A /* macchiato_pic_2_square.png in Resources */,
				8947FF6383F44C10835A403D /* macchiato_pic_3_square.png in Resources */,
				2BF91062A02D4C4F9E016852 /* robusta_coffee_beans_portrait.png in Resources */,
				D9631A486DDD47058DD39605 /* robusta_coffee_beans_square.png in Resources */,
			);
			runOnlyForDeploymentPostprocessing = 0;
		};
/* End PBXResourcesBuildPhase section */

/* Begin PBXShellScriptBuildPhase section */
		00DD1BFF1BD5951E006B06BC /* Bundle React Native code and images */ = {
			isa = PBXShellScriptBuildPhase;
			buildActionMask = 2147483647;
			files = (
			);
			inputPaths = (
				"$(SRCROOT)/.xcode.env.local",
				"$(SRCROOT)/.xcode.env",
			);
			name = "Bundle React Native code and images";
			outputPaths = (
			);
			runOnlyForDeploymentPostprocessing = 0;
			shellPath = /bin/sh;
			shellScript = "set -e\n\nWITH_ENVIRONMENT=\"../node_modules/react-native/scripts/xcode/with-environment.sh\"\nREACT_NATIVE_XCODE=\"../node_modules/react-native/scripts/react-native-xcode.sh\"\n\n/bin/sh -c \"$WITH_ENVIRONMENT $REACT_NATIVE_XCODE\"\n";
		};
		00EEFC60759A1932668264C0 /* [CP] Embed Pods Frameworks */ = {
			isa = PBXShellScriptBuildPhase;
			buildActionMask = 2147483647;
			files = (
			);
			inputFileListPaths = (
				"${PODS_ROOT}/Target Support Files/Pods-DemoApp/Pods-DemoApp-frameworks-${CONFIGURATION}-input-files.xcfilelist",
			);
			name = "[CP] Embed Pods Frameworks";
			outputFileListPaths = (
				"${PODS_ROOT}/Target Support Files/Pods-DemoApp/Pods-DemoApp-frameworks-${CONFIGURATION}-output-files.xcfilelist",
			);
			runOnlyForDeploymentPostprocessing = 0;
			shellPath = /bin/sh;
			shellScript = "\"${PODS_ROOT}/Target Support Files/Pods-DemoApp/Pods-DemoApp-frameworks.sh\"\n";
			showEnvVarsInLog = 0;
		};
		A55EABD7B0C7F3A422A6CC61 /* [CP] Check Pods Manifest.lock */ = {
			isa = PBXShellScriptBuildPhase;
			buildActionMask = 2147483647;
			files = (
			);
			inputFileListPaths = (
			);
			inputPaths = (
				"${PODS_PODFILE_DIR_PATH}/Podfile.lock",
				"${PODS_ROOT}/Manifest.lock",
			);
			name = "[CP] Check Pods Manifest.lock";
			outputFileListPaths = (
			);
			outputPaths = (
				"$(DERIVED_FILE_DIR)/Pods-DemoApp-DemoAppTests-checkManifestLockResult.txt",
			);
			runOnlyForDeploymentPostprocessing = 0;
			shellPath = /bin/sh;
			shellScript = "diff \"${PODS_PODFILE_DIR_PATH}/Podfile.lock\" \"${PODS_ROOT}/Manifest.lock\" > /dev/null\nif [ $? != 0 ] ; then\n    # print error to STDERR\n    echo \"error: The sandbox is not in sync with the Podfile.lock. Run 'pod install' or update your CocoaPods installation.\" >&2\n    exit 1\nfi\n# This output is used by Xcode 'outputs' to avoid re-running this script phase.\necho \"SUCCESS\" > \"${SCRIPT_OUTPUT_FILE_0}\"\n";
			showEnvVarsInLog = 0;
		};
		C38B50BA6285516D6DCD4F65 /* [CP] Check Pods Manifest.lock */ = {
			isa = PBXShellScriptBuildPhase;
			buildActionMask = 2147483647;
			files = (
			);
			inputFileListPaths = (
			);
			inputPaths = (
				"${PODS_PODFILE_DIR_PATH}/Podfile.lock",
				"${PODS_ROOT}/Manifest.lock",
			);
			name = "[CP] Check Pods Manifest.lock";
			outputFileListPaths = (
			);
			outputPaths = (
				"$(DERIVED_FILE_DIR)/Pods-DemoApp-checkManifestLockResult.txt",
			);
			runOnlyForDeploymentPostprocessing = 0;
			shellPath = /bin/sh;
			shellScript = "diff \"${PODS_PODFILE_DIR_PATH}/Podfile.lock\" \"${PODS_ROOT}/Manifest.lock\" > /dev/null\nif [ $? != 0 ] ; then\n    # print error to STDERR\n    echo \"error: The sandbox is not in sync with the Podfile.lock. Run 'pod install' or update your CocoaPods installation.\" >&2\n    exit 1\nfi\n# This output is used by Xcode 'outputs' to avoid re-running this script phase.\necho \"SUCCESS\" > \"${SCRIPT_OUTPUT_FILE_0}\"\n";
			showEnvVarsInLog = 0;
		};
		C59DA0FBD6956966B86A3779 /* [CP] Embed Pods Frameworks */ = {
			isa = PBXShellScriptBuildPhase;
			buildActionMask = 2147483647;
			files = (
			);
			inputFileListPaths = (
				"${PODS_ROOT}/Target Support Files/Pods-DemoApp-DemoAppTests/Pods-DemoApp-DemoAppTests-frameworks-${CONFIGURATION}-input-files.xcfilelist",
			);
			name = "[CP] Embed Pods Frameworks";
			outputFileListPaths = (
				"${PODS_ROOT}/Target Support Files/Pods-DemoApp-DemoAppTests/Pods-DemoApp-DemoAppTests-frameworks-${CONFIGURATION}-output-files.xcfilelist",
			);
			runOnlyForDeploymentPostprocessing = 0;
			shellPath = /bin/sh;
			shellScript = "\"${PODS_ROOT}/Target Support Files/Pods-DemoApp-DemoAppTests/Pods-DemoApp-DemoAppTests-frameworks.sh\"\n";
			showEnvVarsInLog = 0;
		};
		E235C05ADACE081382539298 /* [CP] Copy Pods Resources */ = {
			isa = PBXShellScriptBuildPhase;
			buildActionMask = 2147483647;
			files = (
			);
			inputFileListPaths = (
				"${PODS_ROOT}/Target Support Files/Pods-DemoApp/Pods-DemoApp-resources-${CONFIGURATION}-input-files.xcfilelist",
			);
			name = "[CP] Copy Pods Resources";
			outputFileListPaths = (
				"${PODS_ROOT}/Target Support Files/Pods-DemoApp/Pods-DemoApp-resources-${CONFIGURATION}-output-files.xcfilelist",
			);
			runOnlyForDeploymentPostprocessing = 0;
			shellPath = /bin/sh;
			shellScript = "\"${PODS_ROOT}/Target Support Files/Pods-DemoApp/Pods-DemoApp-resources.sh\"\n";
			showEnvVarsInLog = 0;
		};
		F6A41C54EA430FDDC6A6ED99 /* [CP] Copy Pods Resources */ = {
			isa = PBXShellScriptBuildPhase;
			buildActionMask = 2147483647;
			files = (
			);
			inputFileListPaths = (
				"${PODS_ROOT}/Target Support Files/Pods-DemoApp-DemoAppTests/Pods-DemoApp-DemoAppTests-resources-${CONFIGURATION}-input-files.xcfilelist",
			);
			name = "[CP] Copy Pods Resources";
			outputFileListPaths = (
				"${PODS_ROOT}/Target Support Files/Pods-DemoApp-DemoAppTests/Pods-DemoApp-DemoAppTests-resources-${CONFIGURATION}-output-files.xcfilelist",
			);
			runOnlyForDeploymentPostprocessing = 0;
			shellPath = /bin/sh;
			shellScript = "\"${PODS_ROOT}/Target Support Files/Pods-DemoApp-DemoAppTests/Pods-DemoApp-DemoAppTests-resources.sh\"\n";
			showEnvVarsInLog = 0;
		};
/* End PBXShellScriptBuildPhase section */

/* Begin PBXSourcesBuildPhase section */
		00E356EA1AD99517003FC87E /* Sources */ = {
			isa = PBXSourcesBuildPhase;
			buildActionMask = 2147483647;
			files = (
				00E356F31AD99517003FC87E /* DemoAppTests.m in Sources */,
			);
			runOnlyForDeploymentPostprocessing = 0;
		};
		13B07F871A680F5B00A75B9A /* Sources */ = {
			isa = PBXSourcesBuildPhase;
			buildActionMask = 2147483647;
			files = (
				13B07FBC1A68108700A75B9A /* AppDelegate.mm in Sources */,
				13B07FC11A68108700A75B9A /* main.m in Sources */,
			);
			runOnlyForDeploymentPostprocessing = 0;
		};
/* End PBXSourcesBuildPhase section */

/* Begin PBXTargetDependency section */
		00E356F51AD99517003FC87E /* PBXTargetDependency */ = {
			isa = PBXTargetDependency;
			target = 13B07F861A680F5B00A75B9A /* DemoApp */;
			targetProxy = 00E356F41AD99517003FC87E /* PBXContainerItemProxy */;
		};
/* End PBXTargetDependency section */

/* Begin XCBuildConfiguration section */
		00E356F61AD99517003FC87E /* Debug */ = {
			isa = XCBuildConfiguration;
			baseConfigurationReference = 5B7EB9410499542E8C5724F5 /* Pods-DemoApp-DemoAppTests.debug.xcconfig */;
			buildSettings = {
				BUNDLE_LOADER = "$(TEST_HOST)";
				GCC_PREPROCESSOR_DEFINITIONS = (
					"DEBUG=1",
					"$(inherited)",
				);
				INFOPLIST_FILE = DemoAppTests/Info.plist;
				IPHONEOS_DEPLOYMENT_TARGET = 13.4;
				LD_RUNPATH_SEARCH_PATHS = (
					"$(inherited)",
					"@executable_path/Frameworks",
					"@loader_path/Frameworks",
				);
				OTHER_LDFLAGS = (
					"-ObjC",
					"-lc++",
					"$(inherited)",
				);
				PRODUCT_BUNDLE_IDENTIFIER = "org.reactjs.native.example.$(PRODUCT_NAME:rfc1034identifier)";
				PRODUCT_NAME = "$(TARGET_NAME)";
				TEST_HOST = "$(BUILT_PRODUCTS_DIR)/DemoApp.app/DemoApp";
			};
			name = Debug;
		};
		00E356F71AD99517003FC87E /* Release */ = {
			isa = XCBuildConfiguration;
			baseConfigurationReference = 89C6BE57DB24E9ADA2F236DE /* Pods-DemoApp-DemoAppTests.release.xcconfig */;
			buildSettings = {
				BUNDLE_LOADER = "$(TEST_HOST)";
				COPY_PHASE_STRIP = NO;
				INFOPLIST_FILE = DemoAppTests/Info.plist;
				IPHONEOS_DEPLOYMENT_TARGET = 13.4;
				LD_RUNPATH_SEARCH_PATHS = (
					"$(inherited)",
					"@executable_path/Frameworks",
					"@loader_path/Frameworks",
				);
				OTHER_LDFLAGS = (
					"-ObjC",
					"-lc++",
					"$(inherited)",
				);
				PRODUCT_BUNDLE_IDENTIFIER = "org.reactjs.native.example.$(PRODUCT_NAME:rfc1034identifier)";
				PRODUCT_NAME = "$(TARGET_NAME)";
				TEST_HOST = "$(BUILT_PRODUCTS_DIR)/DemoApp.app/DemoApp";
			};
			name = Release;
		};
		13B07F941A680F5B00A75B9A /* Debug */ = {
			isa = XCBuildConfiguration;
			baseConfigurationReference = 3B4392A12AC88292D35C810B /* Pods-DemoApp.debug.xcconfig */;
			buildSettings = {
				ASSETCATALOG_COMPILER_APPICON_NAME = AppIcon;
				CLANG_ENABLE_MODULES = YES;
				CURRENT_PROJECT_VERSION = 1;
				ENABLE_BITCODE = NO;
				INFOPLIST_FILE = DemoApp/Info.plist;
				LD_RUNPATH_SEARCH_PATHS = (
					"$(inherited)",
					"@executable_path/Frameworks",
				);
				MARKETING_VERSION = 1.0;
				OTHER_LDFLAGS = (
					"$(inherited)",
					"-ObjC",
					"-lc++",
				);
				PRODUCT_BUNDLE_IDENTIFIER = "org.reactjs.native.example.$(PRODUCT_NAME:rfc1034identifier)";
				PRODUCT_NAME = DemoApp;
				SWIFT_OPTIMIZATION_LEVEL = "-Onone";
				SWIFT_VERSION = 5.0;
				VERSIONING_SYSTEM = "apple-generic";
			};
			name = Debug;
		};
		13B07F951A680F5B00A75B9A /* Release */ = {
			isa = XCBuildConfiguration;
			baseConfigurationReference = 5709B34CF0A7D63546082F79 /* Pods-DemoApp.release.xcconfig */;
			buildSettings = {
				ASSETCATALOG_COMPILER_APPICON_NAME = AppIcon;
				CLANG_ENABLE_MODULES = YES;
				CURRENT_PROJECT_VERSION = 1;
				INFOPLIST_FILE = DemoApp/Info.plist;
				LD_RUNPATH_SEARCH_PATHS = (
					"$(inherited)",
					"@executable_path/Frameworks",
				);
				MARKETING_VERSION = 1.0;
				OTHER_LDFLAGS = (
					"$(inherited)",
					"-ObjC",
					"-lc++",
				);
				PRODUCT_BUNDLE_IDENTIFIER = "org.reactjs.native.example.$(PRODUCT_NAME:rfc1034identifier)";
				PRODUCT_NAME = DemoApp;
				SWIFT_VERSION = 5.0;
				VERSIONING_SYSTEM = "apple-generic";
			};
			name = Release;
		};
		83CBBA201A601CBA00E9B192 /* Debug */ = {
			isa = XCBuildConfiguration;
			buildSettings = {
				ALWAYS_SEARCH_USER_PATHS = NO;
				CLANG_ANALYZER_LOCALIZABILITY_NONLOCALIZED = YES;
				CLANG_CXX_LANGUAGE_STANDARD = "c++20";
				CLANG_CXX_LIBRARY = "libc++";
				CLANG_ENABLE_MODULES = YES;
				CLANG_ENABLE_OBJC_ARC = YES;
				CLANG_WARN_BLOCK_CAPTURE_AUTORELEASING = YES;
				CLANG_WARN_BOOL_CONVERSION = YES;
				CLANG_WARN_COMMA = YES;
				CLANG_WARN_CONSTANT_CONVERSION = YES;
				CLANG_WARN_DEPRECATED_OBJC_IMPLEMENTATIONS = YES;
				CLANG_WARN_DIRECT_OBJC_ISA_USAGE = YES_ERROR;
				CLANG_WARN_EMPTY_BODY = YES;
				CLANG_WARN_ENUM_CONVERSION = YES;
				CLANG_WARN_INFINITE_RECURSION = YES;
				CLANG_WARN_INT_CONVERSION = YES;
				CLANG_WARN_NON_LITERAL_NULL_CONVERSION = YES;
				CLANG_WARN_OBJC_IMPLICIT_RETAIN_SELF = YES;
				CLANG_WARN_OBJC_LITERAL_CONVERSION = YES;
				CLANG_WARN_OBJC_ROOT_CLASS = YES_ERROR;
				CLANG_WARN_QUOTED_INCLUDE_IN_FRAMEWORK_HEADER = YES;
				CLANG_WARN_RANGE_LOOP_ANALYSIS = YES;
				CLANG_WARN_STRICT_PROTOTYPES = YES;
				CLANG_WARN_SUSPICIOUS_MOVE = YES;
				CLANG_WARN_UNREACHABLE_CODE = YES;
				CLANG_WARN__DUPLICATE_METHOD_MATCH = YES;
				"CODE_SIGN_IDENTITY[sdk=iphoneos*]" = "iPhone Developer";
				COPY_PHASE_STRIP = NO;
				ENABLE_STRICT_OBJC_MSGSEND = YES;
				ENABLE_TESTABILITY = YES;
				"EXCLUDED_ARCHS[sdk=iphonesimulator*]" = "";
				GCC_C_LANGUAGE_STANDARD = gnu99;
				GCC_DYNAMIC_NO_PIC = NO;
				GCC_NO_COMMON_BLOCKS = YES;
				GCC_OPTIMIZATION_LEVEL = 0;
				GCC_PREPROCESSOR_DEFINITIONS = (
					"DEBUG=1",
					"$(inherited)",
				);
				GCC_SYMBOLS_PRIVATE_EXTERN = NO;
				GCC_WARN_64_TO_32_BIT_CONVERSION = YES;
				GCC_WARN_ABOUT_RETURN_TYPE = YES_ERROR;
				GCC_WARN_UNDECLARED_SELECTOR = YES;
				GCC_WARN_UNINITIALIZED_AUTOS = YES_AGGRESSIVE;
				GCC_WARN_UNUSED_FUNCTION = YES;
				GCC_WARN_UNUSED_VARIABLE = YES;
				IPHONEOS_DEPLOYMENT_TARGET = 13.4;
				LD_RUNPATH_SEARCH_PATHS = (
					/usr/lib/swift,
					"$(inherited)",
				);
				LIBRARY_SEARCH_PATHS = (
					"\"$(SDKROOT)/usr/lib/swift\"",
					"\"$(TOOLCHAIN_DIR)/usr/lib/swift/$(PLATFORM_NAME)\"",
					"\"$(inherited)\"",
				);
				MTL_ENABLE_DEBUG_INFO = YES;
				ONLY_ACTIVE_ARCH = YES;
				OTHER_CPLUSPLUSFLAGS = (
					"$(OTHER_CFLAGS)",
					"-DFOLLY_NO_CONFIG",
					"-DFOLLY_MOBILE=1",
					"-DFOLLY_USE_LIBCPP=1",
					"-DFOLLY_CFG_NO_COROUTINES=1",
				);
				SDKROOT = iphoneos;
			};
			name = Debug;
		};
		83CBBA211A601CBA00E9B192 /* Release */ = {
			isa = XCBuildConfiguration;
			buildSettings = {
				ALWAYS_SEARCH_USER_PATHS = NO;
				CLANG_ANALYZER_LOCALIZABILITY_NONLOCALIZED = YES;
				CLANG_CXX_LANGUAGE_STANDARD = "c++20";
				CLANG_CXX_LIBRARY = "libc++";
				CLANG_ENABLE_MODULES = YES;
				CLANG_ENABLE_OBJC_ARC = YES;
				CLANG_WARN_BLOCK_CAPTURE_AUTORELEASING = YES;
				CLANG_WARN_BOOL_CONVERSION = YES;
				CLANG_WARN_COMMA = YES;
				CLANG_WARN_CONSTANT_CONVERSION = YES;
				CLANG_WARN_DEPRECATED_OBJC_IMPLEMENTATIONS = YES;
				CLANG_WARN_DIRECT_OBJC_ISA_USAGE = YES_ERROR;
				CLANG_WARN_EMPTY_BODY = YES;
				CLANG_WARN_ENUM_CONVERSION = YES;
				CLANG_WARN_INFINITE_RECURSION = YES;
				CLANG_WARN_INT_CONVERSION = YES;
				CLANG_WARN_NON_LITERAL_NULL_CONVERSION = YES;
				CLANG_WARN_OBJC_IMPLICIT_RETAIN_SELF = YES;
				CLANG_WARN_OBJC_LITERAL_CONVERSION = YES;
				CLANG_WARN_OBJC_ROOT_CLASS = YES_ERROR;
				CLANG_WARN_QUOTED_INCLUDE_IN_FRAMEWORK_HEADER = YES;
				CLANG_WARN_RANGE_LOOP_ANALYSIS = YES;
				CLANG_WARN_STRICT_PROTOTYPES = YES;
				CLANG_WARN_SUSPICIOUS_MOVE = YES;
				CLANG_WARN_UNREACHABLE_CODE = YES;
				CLANG_WARN__DUPLICATE_METHOD_MATCH = YES;
				"CODE_SIGN_IDENTITY[sdk=iphoneos*]" = "iPhone Developer";
				COPY_PHASE_STRIP = YES;
				ENABLE_NS_ASSERTIONS = NO;
				ENABLE_STRICT_OBJC_MSGSEND = YES;
				"EXCLUDED_ARCHS[sdk=iphonesimulator*]" = "";
				GCC_C_LANGUAGE_STANDARD = gnu99;
				GCC_NO_COMMON_BLOCKS = YES;
				GCC_WARN_64_TO_32_BIT_CONVERSION = YES;
				GCC_WARN_ABOUT_RETURN_TYPE = YES_ERROR;
				GCC_WARN_UNDECLARED_SELECTOR = YES;
				GCC_WARN_UNINITIALIZED_AUTOS = YES_AGGRESSIVE;
				GCC_WARN_UNUSED_FUNCTION = YES;
				GCC_WARN_UNUSED_VARIABLE = YES;
				IPHONEOS_DEPLOYMENT_TARGET = 13.4;
				LD_RUNPATH_SEARCH_PATHS = (
					/usr/lib/swift,
					"$(inherited)",
				);
				LIBRARY_SEARCH_PATHS = (
					"\"$(SDKROOT)/usr/lib/swift\"",
					"\"$(TOOLCHAIN_DIR)/usr/lib/swift/$(PLATFORM_NAME)\"",
					"\"$(inherited)\"",
				);
				MTL_ENABLE_DEBUG_INFO = NO;
				OTHER_CPLUSPLUSFLAGS = (
					"$(OTHER_CFLAGS)",
					"-DFOLLY_NO_CONFIG",
					"-DFOLLY_MOBILE=1",
					"-DFOLLY_USE_LIBCPP=1",
					"-DFOLLY_CFG_NO_COROUTINES=1",
				);
				SDKROOT = iphoneos;
				VALIDATE_PRODUCT = YES;
			};
			name = Release;
		};
/* End XCBuildConfiguration section */

/* Begin XCConfigurationList section */
		00E357021AD99517003FC87E /* Build configuration list for PBXNativeTarget "DemoAppTests" */ = {
			isa = XCConfigurationList;
			buildConfigurations = (
				00E356F61AD99517003FC87E /* Debug */,
				00E356F71AD99517003FC87E /* Release */,
			);
			defaultConfigurationIsVisible = 0;
			defaultConfigurationName = Release;
		};
		13B07F931A680F5B00A75B9A /* Build configuration list for PBXNativeTarget "DemoApp" */ = {
			isa = XCConfigurationList;
			buildConfigurations = (
				13B07F941A680F5B00A75B9A /* Debug */,
				13B07F951A680F5B00A75B9A /* Release */,
			);
			defaultConfigurationIsVisible = 0;
			defaultConfigurationName = Release;
		};
		83CBB9FA1A601CBA00E9B192 /* Build configuration list for PBXProject "DemoApp" */ = {
			isa = XCConfigurationList;
			buildConfigurations = (
				83CBBA201A601CBA00E9B192 /* Debug */,
				83CBBA211A601CBA00E9B192 /* Release */,
			);
			defaultConfigurationIsVisible = 0;
			defaultConfigurationName = Release;
		};
/* End XCConfigurationList section */
	};
	rootObject = 83CBB9F71A601CBA00E9B192 /* Project object */;
}
